
Microsoft Visual Studio Solution File, Format Version 12.00
# Visual Studio Version 16
VisualStudioVersion = 16.0.30711.63
MinimumVisualStudioVersion = 10.0.40219.1
Project("{FAE04EC0-301F-11D3-BF4B-00C04F79EFBC}") = "Naukayt", "Naukayt\Naukayt.csproj", "{1FFC4EE7-ECA8-4E4D-BB43-4F5EC92CEAC7}"
EndProject
Global
	GlobalSection(SolutionConfigurationPlatforms) = preSolution
		Debug|Any CPU = Debug|Any CPU
		Release|Any CPU = Release|Any CPU
	EndGlobalSection
	GlobalSection(ProjectConfigurationPlatforms) = postSolution
		{1FFC4EE7-ECA8-4E4D-BB43-4F5EC92CEAC7}.Debug|Any CPU.ActiveCfg = Debug|Any CPU
		{1FFC4EE7-ECA8-4E4D-BB43-4F5EC92CEAC7}.Debug|Any CPU.Build.0 = Debug|Any CPU
		{1FFC4EE7-ECA8-4E4D-BB43-4F5EC92CEAC7}.Release|Any CPU.ActiveCfg = Release|Any CPU
		{1FFC4EE7-ECA8-4E4D-BB43-4F5EC92CEAC7}.Release|Any CPU.Build.0 = Release|Any CPU
	EndGlobalSection
	GlobalSection(SolutionProperties) = preSolution
		HideSolutionNode = FALSE
	EndGlobalSection
	GlobalSection(ExtensibilityGlobals) = postSolution
		SolutionGuid = {23216C30-5454-42B2-8DA2-1A8EA40C60B4}
	EndGlobalSection
EndGlobal
